
Microsoft Visual Studio Solution File, Format Version 12.00
# Visual Studio Version 17
VisualStudioVersion = 17.2.32526.322
MinimumVisualStudioVersion = 10.0.40219.1
Project("{FAE04EC0-301F-11D3-BF4B-00C04F79EFBC}") = "Aula13_Atividade", "Aula13_Atividade.csproj", "{854B0E5D-B99A-47D3-AE2F-FBC9A2E1750B}"
EndProject
Global
	GlobalSection(SolutionConfigurationPlatforms) = preSolution
		Debug|Any CPU = Debug|Any CPU
		Release|Any CPU = Release|Any CPU
	EndGlobalSection
	GlobalSection(ProjectConfigurationPlatforms) = postSolution
		{854B0E5D-B99A-47D3-AE2F-FBC9A2E1750B}.Debug|Any CPU.ActiveCfg = Debug|Any CPU
		{854B0E5D-B99A-47D3-AE2F-FBC9A2E1750B}.Debug|Any CPU.Build.0 = Debug|Any CPU
		{854B0E5D-B99A-47D3-AE2F-FBC9A2E1750B}.Release|Any CPU.ActiveCfg = Release|Any CPU
		{854B0E5D-B99A-47D3-AE2F-FBC9A2E1750B}.Release|Any CPU.Build.0 = Release|Any CPU
	EndGlobalSection
	GlobalSection(SolutionProperties) = preSolution
		HideSolutionNode = FALSE
	EndGlobalSection
	GlobalSection(ExtensibilityGlobals) = postSolution
		SolutionGuid = {44C87F4F-58F3-4F40-BC91-67809A5A4024}
	EndGlobalSection
EndGlobal
